
Microsoft Visual Studio Solution File, Format Version 12.00
# Visual Studio 15
Project("{FAE04EC0-301F-11D3-BF4B-00C04F79EFBC}") = "Assembly-CSharp", "Assembly-CSharp.csproj", "{D3755659-0940-5863-8D75-9B1A4A628E34}"
EndProject
Project("{FAE04EC0-301F-11D3-BF4B-00C04F79EFBC}") = "Assembly-CSharp-Editor-firstpass", "Assembly-CSharp-Editor-firstpass.csproj", "{0741F8A5-DA7E-01EF-FE1C-25E54CA31376}"
EndProject
Global
	GlobalSection(SolutionConfigurationPlatforms) = preSolution
		Debug|Any CPU = Debug|Any CPU
		Release|Any CPU = Release|Any CPU
	EndGlobalSection
	GlobalSection(ProjectConfigurationPlatforms) = postSolution
		{D3755659-0940-5863-8D75-9B1A4A628E34}.Debug|Any CPU.ActiveCfg = Debug|Any CPU
		{D3755659-0940-5863-8D75-9B1A4A628E34}.Debug|Any CPU.Build.0 = Debug|Any CPU
		{D3755659-0940-5863-8D75-9B1A4A628E34}.Release|Any CPU.ActiveCfg = Release|Any CPU
		{D3755659-0940-5863-8D75-9B1A4A628E34}.Release|Any CPU.Build.0 = Release|Any CPU
		{0741F8A5-DA7E-01EF-FE1C-25E54CA31376}.Debug|Any CPU.ActiveCfg = Debug|Any CPU
		{0741F8A5-DA7E-01EF-FE1C-25E54CA31376}.Debug|Any CPU.Build.0 = Debug|Any CPU
		{0741F8A5-DA7E-01EF-FE1C-25E54CA31376}.Release|Any CPU.ActiveCfg = Release|Any CPU
		{0741F8A5-DA7E-01EF-FE1C-25E54CA31376}.Release|Any CPU.Build.0 = Release|Any CPU
	EndGlobalSection
	GlobalSection(SolutionProperties) = preSolution
		HideSolutionNode = FALSE
	EndGlobalSection
EndGlobal
